// !$*UTF8*$!
{
	archiveVersion = 1;
	classes = {
	};
	objectVersion = 50;
	objects = {

/* Begin PBXBuildFile section */
		10993F9913AF736D7AC7D3E7 /* Pods_GigP.framework in Frameworks */ = {isa = PBXBuildFile; fileRef = BC4336519A0C71D6934F3883 /* Pods_GigP.framework */; };
		6B162FB9227A820700CB54BE /* WorkItemTableViewCell.swift in Sources */ = {isa = PBXBuildFile; fileRef = 6B162FB8227A820700CB54BE /* WorkItemTableViewCell.swift */; };
		6B821209226D7FAA00A02B39 /* MonthlyCellCollectionViewCell.swift in Sources */ = {isa = PBXBuildFile; fileRef = 6B821208226D7FAA00A02B39 /* MonthlyCellCollectionViewCell.swift */; };
		6B82120C226E815C00A02B39 /* WorkItem.swift in Sources */ = {isa = PBXBuildFile; fileRef = 6B82120B226E815C00A02B39 /* WorkItem.swift */; };
		6B82120E226E848700A02B39 /* Model.swift in Sources */ = {isa = PBXBuildFile; fileRef = 6B82120D226E848700A02B39 /* Model.swift */; };
		6BE1633E227BDD07001FCBC2 /* Settings.storyboard in Resources */ = {isa = PBXBuildFile; fileRef = 6BE1633D227BDD07001FCBC2 /* Settings.storyboard */; };
		6BEAC9DC226C017D00ABBAFE /* AppDelegate.swift in Sources */ = {isa = PBXBuildFile; fileRef = 6BEAC9DB226C017D00ABBAFE /* AppDelegate.swift */; };
		6BEAC9DE226C017D00ABBAFE /* DashboardVC.swift in Sources */ = {isa = PBXBuildFile; fileRef = 6BEAC9DD226C017D00ABBAFE /* DashboardVC.swift */; };
		6BEAC9E0226C017D00ABBAFE /* WorkItemViewController.swift in Sources */ = {isa = PBXBuildFile; fileRef = 6BEAC9DF226C017D00ABBAFE /* WorkItemViewController.swift */; };
		6BEAC9E3226C017D00ABBAFE /* Main.storyboard in Resources */ = {isa = PBXBuildFile; fileRef = 6BEAC9E1226C017D00ABBAFE /* Main.storyboard */; };
		6BEAC9E8226C017E00ABBAFE /* LaunchScreen.storyboard in Resources */ = {isa = PBXBuildFile; fileRef = 6BEAC9E6226C017E00ABBAFE /* LaunchScreen.storyboard */; };
		6BEAC9F0226C021000ABBAFE /* Dashboard.storyboard in Resources */ = {isa = PBXBuildFile; fileRef = 6BEAC9EF226C021000ABBAFE /* Dashboard.storyboard */; };
		6BEAC9F2226C022A00ABBAFE /* Workitem.storyboard in Resources */ = {isa = PBXBuildFile; fileRef = 6BEAC9F1226C022A00ABBAFE /* Workitem.storyboard */; };
		6BEAC9F4226C097B00ABBAFE /* Assets.xcassets in Resources */ = {isa = PBXBuildFile; fileRef = 6BEAC9F3226C097B00ABBAFE /* Assets.xcassets */; };
		6BEAC9F6226C144C00ABBAFE /* NewWorkItem.storyboard in Resources */ = {isa = PBXBuildFile; fileRef = 6BEAC9F5226C144C00ABBAFE /* NewWorkItem.storyboard */; };
		6BEAC9F8226C152B00ABBAFE /* AddItemViewController.swift in Sources */ = {isa = PBXBuildFile; fileRef = 6BEAC9F7226C152B00ABBAFE /* AddItemViewController.swift */; };
		6BEAC9FB226C3B9100ABBAFE /* gig.xcdatamodeld in Sources */ = {isa = PBXBuildFile; fileRef = 6BEAC9F9226C3B9100ABBAFE /* gig.xcdatamodeld */; };
		6BF162E6227E419F00D4D743 /* AboutAndTermsVeiwController.swift in Sources */ = {isa = PBXBuildFile; fileRef = 6BF162E5227E419F00D4D743 /* AboutAndTermsVeiwController.swift */; };
		6BF162E8227E422A00D4D743 /* Utils.swift in Sources */ = {isa = PBXBuildFile; fileRef = 6BF162E7227E422A00D4D743 /* Utils.swift */; };
		6BF162EA227E788500D4D743 /* SettingsViewController.swift in Sources */ = {isa = PBXBuildFile; fileRef = 6BF162E9227E788500D4D743 /* SettingsViewController.swift */; };
/* End PBXBuildFile section */

/* Begin PBXFileReference section */
		3F8BEE71C2D71F0B190E525F /* Pods-GigP.debug.xcconfig */ = {isa = PBXFileReference; includeInIndex = 1; lastKnownFileType = text.xcconfig; name = "Pods-GigP.debug.xcconfig"; path = "Target Support Files/Pods-GigP/Pods-GigP.debug.xcconfig"; sourceTree = "<group>"; };
		6B162FB8227A820700CB54BE /* WorkItemTableViewCell.swift */ = {isa = PBXFileReference; lastKnownFileType = sourcecode.swift; path = WorkItemTableViewCell.swift; sourceTree = "<group>"; };
		6B821208226D7FAA00A02B39 /* MonthlyCellCollectionViewCell.swift */ = {isa = PBXFileReference; lastKnownFileType = sourcecode.swift; path = MonthlyCellCollectionViewCell.swift; sourceTree = "<group>"; };
		6B82120B226E815C00A02B39 /* WorkItem.swift */ = {isa = PBXFileReference; lastKnownFileType = sourcecode.swift; path = WorkItem.swift; sourceTree = "<group>"; };
		6B82120D226E848700A02B39 /* Model.swift */ = {isa = PBXFileReference; lastKnownFileType = sourcecode.swift; path = Model.swift; sourceTree = "<group>"; };
		6BE1633D227BDD07001FCBC2 /* Settings.storyboard */ = {isa = PBXFileReference; lastKnownFileType = file.storyboard; path = Settings.storyboard; sourceTree = "<group>"; };
		6BEAC9D8226C017D00ABBAFE /* GigP.app */ = {isa = PBXFileReference; explicitFileType = wrapper.application; includeInIndex = 0; path = GigP.app; sourceTree = BUILT_PRODUCTS_DIR; };
		6BEAC9DB226C017D00ABBAFE /* AppDelegate.swift */ = {isa = PBXFileReference; lastKnownFileType = sourcecode.swift; path = AppDelegate.swift; sourceTree = "<group>"; };
		6BEAC9DD226C017D00ABBAFE /* DashboardVC.swift */ = {isa = PBXFileReference; lastKnownFileType = sourcecode.swift; path = DashboardVC.swift; sourceTree = "<group>"; };
		6BEAC9DF226C017D00ABBAFE /* WorkItemViewController.swift */ = {isa = PBXFileReference; lastKnownFileType = sourcecode.swift; path = WorkItemViewController.swift; sourceTree = "<group>"; };
		6BEAC9E2226C017D00ABBAFE /* Base */ = {isa = PBXFileReference; lastKnownFileType = file.storyboard; name = Base; path = Base.lproj/Main.storyboard; sourceTree = "<group>"; };
		6BEAC9E7226C017E00ABBAFE /* Base */ = {isa = PBXFileReference; lastKnownFileType = file.storyboard; name = Base; path = Base.lproj/LaunchScreen.storyboard; sourceTree = "<group>"; };
		6BEAC9E9226C017E00ABBAFE /* Info.plist */ = {isa = PBXFileReference; lastKnownFileType = text.plist.xml; path = Info.plist; sourceTree = "<group>"; };
		6BEAC9EF226C021000ABBAFE /* Dashboard.storyboard */ = {isa = PBXFileReference; lastKnownFileType = file.storyboard; path = Dashboard.storyboard; sourceTree = "<group>"; };
		6BEAC9F1226C022A00ABBAFE /* Workitem.storyboard */ = {isa = PBXFileReference; lastKnownFileType = file.storyboard; path = Workitem.storyboard; sourceTree = "<group>"; };
		6BEAC9F3226C097B00ABBAFE /* Assets.xcassets */ = {isa = PBXFileReference; lastKnownFileType = folder.assetcatalog; name = Assets.xcassets; path = ../../TrackP/TrackP/Assets.xcassets; sourceTree = "<group>"; };
		6BEAC9F5226C144C00ABBAFE /* NewWorkItem.storyboard */ = {isa = PBXFileReference; lastKnownFileType = file.storyboard; path = NewWorkItem.storyboard; sourceTree = "<group>"; };
		6BEAC9F7226C152B00ABBAFE /* AddItemViewController.swift */ = {isa = PBXFileReference; lastKnownFileType = sourcecode.swift; path = AddItemViewController.swift; sourceTree = "<group>"; };
		6BEAC9FA226C3B9100ABBAFE /* gig.xcdatamodel */ = {isa = PBXFileReference; lastKnownFileType = wrapper.xcdatamodel; path = gig.xcdatamodel; sourceTree = "<group>"; };
		6BF162E5227E419F00D4D743 /* AboutAndTermsVeiwController.swift */ = {isa = PBXFileReference; lastKnownFileType = sourcecode.swift; path = AboutAndTermsVeiwController.swift; sourceTree = "<group>"; };
		6BF162E7227E422A00D4D743 /* Utils.swift */ = {isa = PBXFileReference; lastKnownFileType = sourcecode.swift; name = Utils.swift; path = GigP/Utils.swift; sourceTree = SOURCE_ROOT; };
		6BF162E9227E788500D4D743 /* SettingsViewController.swift */ = {isa = PBXFileReference; lastKnownFileType = sourcecode.swift; name = SettingsViewController.swift; path = GigP/settings/SettingsViewController.swift; sourceTree = SOURCE_ROOT; };
		BC4336519A0C71D6934F3883 /* Pods_GigP.framework */ = {isa = PBXFileReference; explicitFileType = wrapper.framework; includeInIndex = 0; path = Pods_GigP.framework; sourceTree = BUILT_PRODUCTS_DIR; };
		F6FA380D0049D54E012990D4 /* Pods-GigP.release.xcconfig */ = {isa = PBXFileReference; includeInIndex = 1; lastKnownFileType = text.xcconfig; name = "Pods-GigP.release.xcconfig"; path = "Target Support Files/Pods-GigP/Pods-GigP.release.xcconfig"; sourceTree = "<group>"; };
/* End PBXFileReference section */

/* Begin PBXFrameworksBuildPhase section */
		6BEAC9D5226C017D00ABBAFE /* Frameworks */ = {
			isa = PBXFrameworksBuildPhase;
			buildActionMask = 2147483647;
			files = (
				10993F9913AF736D7AC7D3E7 /* Pods_GigP.framework in Frameworks */,
			);
			runOnlyForDeploymentPostprocessing = 0;
		};
/* End PBXFrameworksBuildPhase section */

/* Begin PBXGroup section */
		10AADFF5AA5405AE3540AA6C /* Pods */ = {
			isa = PBXGroup;
			children = (
				3F8BEE71C2D71F0B190E525F /* Pods-GigP.debug.xcconfig */,
				F6FA380D0049D54E012990D4 /* Pods-GigP.release.xcconfig */,
			);
			path = Pods;
			sourceTree = "<group>";
		};
		6B82120A226E807600A02B39 /* model */ = {
			isa = PBXGroup;
			children = (
				6BEAC9F9226C3B9100ABBAFE /* gig.xcdatamodeld */,
				6B82120B226E815C00A02B39 /* WorkItem.swift */,
				6B82120D226E848700A02B39 /* Model.swift */,
			);
			path = model;
			sourceTree = "<group>";
		};
		6B82120F226E96F800A02B39 /* storyboards */ = {
			isa = PBXGroup;
			children = (
				6BEAC9F1226C022A00ABBAFE /* Workitem.storyboard */,
				6BEAC9F5226C144C00ABBAFE /* NewWorkItem.storyboard */,
				6BEAC9E6226C017E00ABBAFE /* LaunchScreen.storyboard */,
				6BEAC9E1226C017D00ABBAFE /* Main.storyboard */,
				6BE1633D227BDD07001FCBC2 /* Settings.storyboard */,
				6BEAC9EF226C021000ABBAFE /* Dashboard.storyboard */,
			);
			path = storyboards;
			sourceTree = "<group>";
		};
		6BEAC9CF226C017D00ABBAFE = {
			isa = PBXGroup;
			children = (
				6BEAC9DA226C017D00ABBAFE /* GigP */,
				6BEAC9D9226C017D00ABBAFE /* Products */,
				10AADFF5AA5405AE3540AA6C /* Pods */,
				ADE9A418BE9A18163CAB84B4 /* Frameworks */,
			);
			sourceTree = "<group>";
		};
		6BEAC9D9226C017D00ABBAFE /* Products */ = {
			isa = PBXGroup;
			children = (
				6BEAC9D8226C017D00ABBAFE /* GigP.app */,
			);
			name = Products;
			sourceTree = "<group>";
		};
		6BEAC9DA226C017D00ABBAFE /* GigP */ = {
			isa = PBXGroup;
			children = (
				6BF162E7227E422A00D4D743 /* Utils.swift */,
				6BF162E4227E28D000D4D743 /* settings */,
				6B82120F226E96F800A02B39 /* storyboards */,
				6BEAC9DB226C017D00ABBAFE /* AppDelegate.swift */,
				6BEAC9DD226C017D00ABBAFE /* DashboardVC.swift */,
				6BEAC9DF226C017D00ABBAFE /* WorkItemViewController.swift */,
				6B162FB8227A820700CB54BE /* WorkItemTableViewCell.swift */,
				6BEAC9F7226C152B00ABBAFE /* AddItemViewController.swift */,
				6B821208226D7FAA00A02B39 /* MonthlyCellCollectionViewCell.swift */,
				6B82120A226E807600A02B39 /* model */,
				6BEAC9F3226C097B00ABBAFE /* Assets.xcassets */,
				6BEAC9E9226C017E00ABBAFE /* Info.plist */,
			);
			path = GigP;
			sourceTree = "<group>";
		};
		6BF162E4227E28D000D4D743 /* settings */ = {
			isa = PBXGroup;
			children = (
				6BF162E9227E788500D4D743 /* SettingsViewController.swift */,
				6BF162E5227E419F00D4D743 /* AboutAndTermsVeiwController.swift */,
			);
			path = settings;
			sourceTree = "<group>";
		};
		ADE9A418BE9A18163CAB84B4 /* Frameworks */ = {
			isa = PBXGroup;
			children = (
				BC4336519A0C71D6934F3883 /* Pods_GigP.framework */,
			);
			name = Frameworks;
			sourceTree = "<group>";
		};
/* End PBXGroup section */

/* Begin PBXNativeTarget section */
		6BEAC9D7226C017D00ABBAFE /* GigP */ = {
			isa = PBXNativeTarget;
			buildConfigurationList = 6BEAC9EC226C017E00ABBAFE /* Build configuration list for PBXNativeTarget "GigP" */;
			buildPhases = (
				07E4EFA0CA0F19AEDA4E6D77 /* [CP] Check Pods Manifest.lock */,
				6BEAC9D4226C017D00ABBAFE /* Sources */,
				6BEAC9D5226C017D00ABBAFE /* Frameworks */,
				6BEAC9D6226C017D00ABBAFE /* Resources */,
				97E4955B45932699910F879E /* [CP] Embed Pods Frameworks */,
			);
			buildRules = (
			);
			dependencies = (
			);
			name = GigP;
			productName = GigP;
			productReference = 6BEAC9D8226C017D00ABBAFE /* GigP.app */;
			productType = "com.apple.product-type.application";
		};
/* End PBXNativeTarget section */

/* Begin PBXProject section */
		6BEAC9D0226C017D00ABBAFE /* Project object */ = {
			isa = PBXProject;
			attributes = {
				LastSwiftUpdateCheck = 1020;
				LastUpgradeCheck = 1020;
				ORGANIZATIONNAME = "Krishna Vemulapali";
				TargetAttributes = {
					6BEAC9D7226C017D00ABBAFE = {
						CreatedOnToolsVersion = 10.2.1;
					};
				};
			};
			buildConfigurationList = 6BEAC9D3226C017D00ABBAFE /* Build configuration list for PBXProject "GigP" */;
			compatibilityVersion = "Xcode 9.3";
			developmentRegion = en;
			hasScannedForEncodings = 0;
			knownRegions = (
				en,
				Base,
			);
			mainGroup = 6BEAC9CF226C017D00ABBAFE;
			productRefGroup = 6BEAC9D9226C017D00ABBAFE /* Products */;
			projectDirPath = "";
			projectRoot = "";
			targets = (
				6BEAC9D7226C017D00ABBAFE /* GigP */,
			);
		};
/* End PBXProject section */

/* Begin PBXResourcesBuildPhase section */
		6BEAC9D6226C017D00ABBAFE /* Resources */ = {
			isa = PBXResourcesBuildPhase;
			buildActionMask = 2147483647;
			files = (
				6BEAC9E8226C017E00ABBAFE /* LaunchScreen.storyboard in Resources */,
				6BEAC9F2226C022A00ABBAFE /* Workitem.storyboard in Resources */,
				6BE1633E227BDD07001FCBC2 /* Settings.storyboard in Resources */,
				6BEAC9E3226C017D00ABBAFE /* Main.storyboard in Resources */,
				6BEAC9F6226C144C00ABBAFE /* NewWorkItem.storyboard in Resources */,
				6BEAC9F0226C021000ABBAFE /* Dashboard.storyboard in Resources */,
				6BEAC9F4226C097B00ABBAFE /* Assets.xcassets in Resources */,
			);
			runOnlyForDeploymentPostprocessing = 0;
		};
/* End PBXResourcesBuildPhase section */

/* Begin PBXShellScriptBuildPhase section */
		07E4EFA0CA0F19AEDA4E6D77 /* [CP] Check Pods Manifest.lock */ = {
			isa = PBXShellScriptBuildPhase;
			buildActionMask = 2147483647;
			files = (
			);
			inputFileListPaths = (
			);
			inputPaths = (
				"${PODS_PODFILE_DIR_PATH}/Podfile.lock",
				"${PODS_ROOT}/Manifest.lock",
			);
			name = "[CP] Check Pods Manifest.lock";
			outputFileListPaths = (
			);
			outputPaths = (
				"$(DERIVED_FILE_DIR)/Pods-GigP-checkManifestLockResult.txt",
			);
			runOnlyForDeploymentPostprocessing = 0;
			shellPath = /bin/sh;
			shellScript = "diff \"${PODS_PODFILE_DIR_PATH}/Podfile.lock\" \"${PODS_ROOT}/Manifest.lock\" > /dev/null\nif [ $? != 0 ] ; then\n    # print error to STDERR\n    echo \"error: The sandbox is not in sync with the Podfile.lock. Run 'pod install' or update your CocoaPods installation.\" >&2\n    exit 1\nfi\n# This output is used by Xcode 'outputs' to avoid re-running this script phase.\necho \"SUCCESS\" > \"${SCRIPT_OUTPUT_FILE_0}\"\n";
			showEnvVarsInLog = 0;
		};
		97E4955B45932699910F879E /* [CP] Embed Pods Frameworks */ = {
			isa = PBXShellScriptBuildPhase;
			buildActionMask = 2147483647;
			files = (
			);
			inputFileListPaths = (
			);
			inputPaths = (
				"${PODS_ROOT}/Target Support Files/Pods-GigP/Pods-GigP-frameworks.sh",
				"${BUILT_PRODUCTS_DIR}/ADDatePicker/ADDatePicker.framework",
				"${BUILT_PRODUCTS_DIR}/BottomPopup/BottomPopup.framework",
				"${BUILT_PRODUCTS_DIR}/CAPostEditorViewController/CAPostEditorViewController.framework",
				"${BUILT_PRODUCTS_DIR}/HGCircularSlider/HGCircularSlider.framework",
				"${BUILT_PRODUCTS_DIR}/MDFInternationalization/MDFInternationalization.framework",
				"${BUILT_PRODUCTS_DIR}/MDFTextAccessibility/MDFTextAccessibility.framework",
				"${BUILT_PRODUCTS_DIR}/MaterialComponents/MaterialComponents.framework",
				"${BUILT_PRODUCTS_DIR}/VACalendar/VACalendar.framework",
			);
			name = "[CP] Embed Pods Frameworks";
			outputFileListPaths = (
			);
			outputPaths = (
				"${TARGET_BUILD_DIR}/${FRAMEWORKS_FOLDER_PATH}/ADDatePicker.framework",
				"${TARGET_BUILD_DIR}/${FRAMEWORKS_FOLDER_PATH}/BottomPopup.framework",
				"${TARGET_BUILD_DIR}/${FRAMEWORKS_FOLDER_PATH}/CAPostEditorViewController.framework",
				"${TARGET_BUILD_DIR}/${FRAMEWORKS_FOLDER_PATH}/HGCircularSlider.framework",
				"${TARGET_BUILD_DIR}/${FRAMEWORKS_FOLDER_PATH}/MDFInternationalization.framework",
				"${TARGET_BUILD_DIR}/${FRAMEWORKS_FOLDER_PATH}/MDFTextAccessibility.framework",
				"${TARGET_BUILD_DIR}/${FRAMEWORKS_FOLDER_PATH}/MaterialComponents.framework",
				"${TARGET_BUILD_DIR}/${FRAMEWORKS_FOLDER_PATH}/VACalendar.framework",
			);
			runOnlyForDeploymentPostprocessing = 0;
			shellPath = /bin/sh;
			shellScript = "\"${PODS_ROOT}/Target Support Files/Pods-GigP/Pods-GigP-frameworks.sh\"\n";
			showEnvVarsInLog = 0;
		};
/* End PBXShellScriptBuildPhase section */

/* Begin PBXSourcesBuildPhase section */
		6BEAC9D4226C017D00ABBAFE /* Sources */ = {
			isa = PBXSourcesBuildPhase;
			buildActionMask = 2147483647;
			files = (
				6B82120C226E815C00A02B39 /* WorkItem.swift in Sources */,
				6B821209226D7FAA00A02B39 /* MonthlyCellCollectionViewCell.swift in Sources */,
				6BEAC9E0226C017D00ABBAFE /* WorkItemViewController.swift in Sources */,
				6BEAC9F8226C152B00ABBAFE /* AddItemViewController.swift in Sources */,
				6BEAC9FB226C3B9100ABBAFE /* gig.xcdatamodeld in Sources */,
				6BEAC9DC226C017D00ABBAFE /* AppDelegate.swift in Sources */,
				6BF162E6227E419F00D4D743 /* AboutAndTermsVeiwController.swift in Sources */,
				6BF162E8227E422A00D4D743 /* Utils.swift in Sources */,
				6BEAC9DE226C017D00ABBAFE /* DashboardVC.swift in Sources */,
				6B162FB9227A820700CB54BE /* WorkItemTableViewCell.swift in Sources */,
				6B82120E226E848700A02B39 /* Model.swift in Sources */,
				6BF162EA227E788500D4D743 /* SettingsViewController.swift in Sources */,
			);
			runOnlyForDeploymentPostprocessing = 0;
		};
/* End PBXSourcesBuildPhase section */

/* Begin PBXVariantGroup section */
		6BEAC9E1226C017D00ABBAFE /* Main.storyboard */ = {
			isa = PBXVariantGroup;
			children = (
				6BEAC9E2226C017D00ABBAFE /* Base */,
			);
			name = Main.storyboard;
			sourceTree = "<group>";
		};
		6BEAC9E6226C017E00ABBAFE /* LaunchScreen.storyboard */ = {
			isa = PBXVariantGroup;
			children = (
				6BEAC9E7226C017E00ABBAFE /* Base */,
			);
			name = LaunchScreen.storyboard;
			sourceTree = "<group>";
		};
/* End PBXVariantGroup section */

/* Begin XCBuildConfiguration section */
		6BEAC9EA226C017E00ABBAFE /* Debug */ = {
			isa = XCBuildConfiguration;
			buildSettings = {
				ALWAYS_SEARCH_USER_PATHS = NO;
				CLANG_ANALYZER_NONNULL = YES;
				CLANG_ANALYZER_NUMBER_OBJECT_CONVERSION = YES_AGGRESSIVE;
				CLANG_CXX_LANGUAGE_STANDARD = "gnu++14";
				CLANG_CXX_LIBRARY = "libc++";
				CLANG_ENABLE_MODULES = YES;
				CLANG_ENABLE_OBJC_ARC = YES;
				CLANG_ENABLE_OBJC_WEAK = YES;
				CLANG_WARN_BLOCK_CAPTURE_AUTORELEASING = YES;
				CLANG_WARN_BOOL_CONVERSION = YES;
				CLANG_WARN_COMMA = YES;
				CLANG_WARN_CONSTANT_CONVERSION = YES;
				CLANG_WARN_DEPRECATED_OBJC_IMPLEMENTATIONS = YES;
				CLANG_WARN_DIRECT_OBJC_ISA_USAGE = YES_ERROR;
				CLANG_WARN_DOCUMENTATION_COMMENTS = YES;
				CLANG_WARN_EMPTY_BODY = YES;
				CLANG_WARN_ENUM_CONVERSION = YES;
				CLANG_WARN_INFINITE_RECURSION = YES;
				CLANG_WARN_INT_CONVERSION = YES;
				CLANG_WARN_NON_LITERAL_NULL_CONVERSION = YES;
				CLANG_WARN_OBJC_IMPLICIT_RETAIN_SELF = YES;
				CLANG_WARN_OBJC_LITERAL_CONVERSION = YES;
				CLANG_WARN_OBJC_ROOT_CLASS = YES_ERROR;
				CLANG_WARN_RANGE_LOOP_ANALYSIS = YES;
				CLANG_WARN_STRICT_PROTOTYPES = YES;
				CLANG_WARN_SUSPICIOUS_MOVE = YES;
				CLANG_WARN_UNGUARDED_AVAILABILITY = YES_AGGRESSIVE;
				CLANG_WARN_UNREACHABLE_CODE = YES;
				CLANG_WARN__DUPLICATE_METHOD_MATCH = YES;
				CODE_SIGN_IDENTITY = "iPhone Developer";
				COPY_PHASE_STRIP = NO;
				DEBUG_INFORMATION_FORMAT = dwarf;
				ENABLE_STRICT_OBJC_MSGSEND = YES;
				ENABLE_TESTABILITY = YES;
				GCC_C_LANGUAGE_STANDARD = gnu11;
				GCC_DYNAMIC_NO_PIC = NO;
				GCC_NO_COMMON_BLOCKS = YES;
				GCC_OPTIMIZATION_LEVEL = 0;
				GCC_PREPROCESSOR_DEFINITIONS = (
					"DEBUG=1",
					"$(inherited)",
				);
				GCC_WARN_64_TO_32_BIT_CONVERSION = YES;
				GCC_WARN_ABOUT_RETURN_TYPE = YES_ERROR;
				GCC_WARN_UNDECLARED_SELECTOR = YES;
				GCC_WARN_UNINITIALIZED_AUTOS = YES_AGGRESSIVE;
				GCC_WARN_UNUSED_FUNCTION = YES;
				GCC_WARN_UNUSED_VARIABLE = YES;
				IPHONEOS_DEPLOYMENT_TARGET = 12.2;
				MTL_ENABLE_DEBUG_INFO = INCLUDE_SOURCE;
				MTL_FAST_MATH = YES;
				ONLY_ACTIVE_ARCH = YES;
				SDKROOT = iphoneos;
				SWIFT_ACTIVE_COMPILATION_CONDITIONS = DEBUG;
				SWIFT_OPTIMIZATION_LEVEL = "-Onone";
			};
			name = Debug;
		};
		6BEAC9EB226C017E00ABBAFE /* Release */ = {
			isa = XCBuildConfiguration;
			buildSettings = {
				ALWAYS_SEARCH_USER_PATHS = NO;
				CLANG_ANALYZER_NONNULL = YES;
				CLANG_ANALYZER_NUMBER_OBJECT_CONVERSION = YES_AGGRESSIVE;
				CLANG_CXX_LANGUAGE_STANDARD = "gnu++14";
				CLANG_CXX_LIBRARY = "libc++";
				CLANG_ENABLE_MODULES = YES;
				CLANG_ENABLE_OBJC_ARC = YES;
				CLANG_ENABLE_OBJC_WEAK = YES;
				CLANG_WARN_BLOCK_CAPTURE_AUTORELEASING = YES;
				CLANG_WARN_BOOL_CONVERSION = YES;
				CLANG_WARN_COMMA = YES;
				CLANG_WARN_CONSTANT_CONVERSION = YES;
				CLANG_WARN_DEPRECATED_OBJC_IMPLEMENTATIONS = YES;
				CLANG_WARN_DIRECT_OBJC_ISA_USAGE = YES_ERROR;
				CLANG_WARN_DOCUMENTATION_COMMENTS = YES;
				CLANG_WARN_EMPTY_BODY = YES;
				CLANG_WARN_ENUM_CONVERSION = YES;
				CLANG_WARN_INFINITE_RECURSION = YES;
				CLANG_WARN_INT_CONVERSION = YES;
				CLANG_WARN_NON_LITERAL_NULL_CONVERSION = YES;
				CLANG_WARN_OBJC_IMPLICIT_RETAIN_SELF = YES;
				CLANG_WARN_OBJC_LITERAL_CONVERSION = YES;
				CLANG_WARN_OBJC_ROOT_CLASS = YES_ERROR;
				CLANG_WARN_RANGE_LOOP_ANALYSIS = YES;
				CLANG_WARN_STRICT_PROTOTYPES = YES;
				CLANG_WARN_SUSPICIOUS_MOVE = YES;
				CLANG_WARN_UNGUARDED_AVAILABILITY = YES_AGGRESSIVE;
				CLANG_WARN_UNREACHABLE_CODE = YES;
				CLANG_WARN__DUPLICATE_METHOD_MATCH = YES;
				CODE_SIGN_IDENTITY = "iPhone Developer";
				COPY_PHASE_STRIP = NO;
				DEBUG_INFORMATION_FORMAT = "dwarf-with-dsym";
				ENABLE_NS_ASSERTIONS = NO;
				ENABLE_STRICT_OBJC_MSGSEND = YES;
				GCC_C_LANGUAGE_STANDARD = gnu11;
				GCC_NO_COMMON_BLOCKS = YES;
				GCC_WARN_64_TO_32_BIT_CONVERSION = YES;
				GCC_WARN_ABOUT_RETURN_TYPE = YES_ERROR;
				GCC_WARN_UNDECLARED_SELECTOR = YES;
				GCC_WARN_UNINITIALIZED_AUTOS = YES_AGGRESSIVE;
				GCC_WARN_UNUSED_FUNCTION = YES;
				GCC_WARN_UNUSED_VARIABLE = YES;
				IPHONEOS_DEPLOYMENT_TARGET = 12.2;
				MTL_ENABLE_DEBUG_INFO = NO;
				MTL_FAST_MATH = YES;
				SDKROOT = iphoneos;
				SWIFT_COMPILATION_MODE = wholemodule;
				SWIFT_OPTIMIZATION_LEVEL = "-O";
				VALIDATE_PRODUCT = YES;
			};
			name = Release;
		};
		6BEAC9ED226C017E00ABBAFE /* Debug */ = {
			isa = XCBuildConfiguration;
			baseConfigurationReference = 3F8BEE71C2D71F0B190E525F /* Pods-GigP.debug.xcconfig */;
			buildSettings = {
				ASSETCATALOG_COMPILER_APPICON_NAME = AppIcon;
				CODE_SIGN_STYLE = Automatic;
				DEVELOPMENT_TEAM = C423CG4XD9;
				INFOPLIST_FILE = GigP/Info.plist;
				LD_RUNPATH_SEARCH_PATHS = (
					"$(inherited)",
					"@executable_path/Frameworks",
				);
				PRODUCT_BUNDLE_IDENTIFIER = kv.GigP;
				PRODUCT_NAME = "$(TARGET_NAME)";
				SWIFT_VERSION = 5.0;
				TARGETED_DEVICE_FAMILY = "1,2";
			};
			name = Debug;
		};
		6BEAC9EE226C017E00ABBAFE /* Release */ = {
			isa = XCBuildConfiguration;
			baseConfigurationReference = F6FA380D0049D54E012990D4 /* Pods-GigP.release.xcconfig */;
			buildSettings = {
				ASSETCATALOG_COMPILER_APPICON_NAME = AppIcon;
				CODE_SIGN_STYLE = Automatic;
				DEVELOPMENT_TEAM = C423CG4XD9;
				INFOPLIST_FILE = GigP/Info.plist;
				LD_RUNPATH_SEARCH_PATHS = (
					"$(inherited)",
					"@executable_path/Frameworks",
				);
				PRODUCT_BUNDLE_IDENTIFIER = kv.GigP;
				PRODUCT_NAME = "$(TARGET_NAME)";
				SWIFT_VERSION = 5.0;
				TARGETED_DEVICE_FAMILY = "1,2";
			};
			name = Release;
		};
/* End XCBuildConfiguration section */

/* Begin XCConfigurationList section */
		6BEAC9D3226C017D00ABBAFE /* Build configuration list for PBXProject "GigP" */ = {
			isa = XCConfigurationList;
			buildConfigurations = (
				6BEAC9EA226C017E00ABBAFE /* Debug */,
				6BEAC9EB226C017E00ABBAFE /* Release */,
			);
			defaultConfigurationIsVisible = 0;
			defaultConfigurationName = Release;
		};
		6BEAC9EC226C017E00ABBAFE /* Build configuration list for PBXNativeTarget "GigP" */ = {
			isa = XCConfigurationList;
			buildConfigurations = (
				6BEAC9ED226C017E00ABBAFE /* Debug */,
				6BEAC9EE226C017E00ABBAFE /* Release */,
			);
			defaultConfigurationIsVisible = 0;
			defaultConfigurationName = Release;
		};
/* End XCConfigurationList section */

/* Begin XCVersionGroup section */
		6BEAC9F9226C3B9100ABBAFE /* gig.xcdatamodeld */ = {
			isa = XCVersionGroup;
			children = (
				6BEAC9FA226C3B9100ABBAFE /* gig.xcdatamodel */,
			);
			currentVersion = 6BEAC9FA226C3B9100ABBAFE /* gig.xcdatamodel */;
			path = gig.xcdatamodeld;
			sourceTree = "<group>";
			versionGroupType = wrapper.xcdatamodel;
		};
/* End XCVersionGroup section */
	};
	rootObject = 6BEAC9D0226C017D00ABBAFE /* Project object */;
}
